// !$*UTF8*$!
{
	archiveVersion = 1;
	classes = {
	};
	objectVersion = 50;
	objects = {

/* Begin PBXBuildFile section */
		7B2F46C025E546EB001AE6E5 /* PlanetData.swift in Sources */ = {isa = PBXBuildFile; fileRef = 7B2F46BF25E546EB001AE6E5 /* PlanetData.swift */; };
		7B2F46C425E548FC001AE6E5 /* PlanetViewController.swift in Sources */ = {isa = PBXBuildFile; fileRef = 7B2F46C325E548FC001AE6E5 /* PlanetViewController.swift */; };
		7B2F46C825E553F9001AE6E5 /* PlanetCell.swift in Sources */ = {isa = PBXBuildFile; fileRef = 7B2F46C625E553F9001AE6E5 /* PlanetCell.swift */; };
		7B2F46C925E553F9001AE6E5 /* PlanetCell.xib in Resources */ = {isa = PBXBuildFile; fileRef = 7B2F46C725E553F9001AE6E5 /* PlanetCell.xib */; };
		7B66547325E54461004C451E /* AppDelegate.swift in Sources */ = {isa = PBXBuildFile; fileRef = 7B66547225E54461004C451E /* AppDelegate.swift */; };
		7B66547525E54461004C451E /* art.scnassets in Resources */ = {isa = PBXBuildFile; fileRef = 7B66547425E54461004C451E /* art.scnassets */; };
		7B66547725E54461004C451E /* PlanetView.swift in Sources */ = {isa = PBXBuildFile; fileRef = 7B66547625E54461004C451E /* PlanetView.swift */; };
		7B66547A25E54461004C451E /* Main.storyboard in Resources */ = {isa = PBXBuildFile; fileRef = 7B66547825E54461004C451E /* Main.storyboard */; };
		7B66547C25E54461004C451E /* Assets.xcassets in Resources */ = {isa = PBXBuildFile; fileRef = 7B66547B25E54461004C451E /* Assets.xcassets */; };
		7B66547F25E54461004C451E /* LaunchScreen.storyboard in Resources */ = {isa = PBXBuildFile; fileRef = 7B66547D25E54461004C451E /* LaunchScreen.storyboard */; };
		7BB7B98B25EA31B000E51AEA /* PlanetInfoViewController.swift in Sources */ = {isa = PBXBuildFile; fileRef = 7BB7B98A25EA31B000E51AEA /* PlanetInfoViewController.swift */; };
		7BE73C3625EBDAF100A31D32 /* images in Resources */ = {isa = PBXBuildFile; fileRef = 7BE73C3525EBDAF100A31D32 /* images */; };
		7BE73C3925EBDB0400A31D32 /* planetsPng in Resources */ = {isa = PBXBuildFile; fileRef = 7BE73C3825EBDB0400A31D32 /* planetsPng */; };
/* End PBXBuildFile section */

/* Begin PBXFileReference section */
		7B2F46BF25E546EB001AE6E5 /* PlanetData.swift */ = {isa = PBXFileReference; lastKnownFileType = sourcecode.swift; path = PlanetData.swift; sourceTree = "<group>"; };
		7B2F46C325E548FC001AE6E5 /* PlanetViewController.swift */ = {isa = PBXFileReference; lastKnownFileType = sourcecode.swift; path = PlanetViewController.swift; sourceTree = "<group>"; };
		7B2F46C625E553F9001AE6E5 /* PlanetCell.swift */ = {isa = PBXFileReference; lastKnownFileType = sourcecode.swift; path = PlanetCell.swift; sourceTree = "<group>"; };
		7B2F46C725E553F9001AE6E5 /* PlanetCell.xib */ = {isa = PBXFileReference; lastKnownFileType = file.xib; path = PlanetCell.xib; sourceTree = "<group>"; };
		7B66546F25E54461004C451E /* Space.app */ = {isa = PBXFileReference; explicitFileType = wrapper.application; includeInIndex = 0; path = Space.app; sourceTree = BUILT_PRODUCTS_DIR; };
		7B66547225E54461004C451E /* AppDelegate.swift */ = {isa = PBXFileReference; lastKnownFileType = sourcecode.swift; path = AppDelegate.swift; sourceTree = "<group>"; };
		7B66547425E54461004C451E /* art.scnassets */ = {isa = PBXFileReference; lastKnownFileType = wrapper.scnassets; path = art.scnassets; sourceTree = "<group>"; };
		7B66547625E54461004C451E /* PlanetView.swift */ = {isa = PBXFileReference; lastKnownFileType = sourcecode.swift; path = PlanetView.swift; sourceTree = "<group>"; };
		7B66547925E54461004C451E /* Base */ = {isa = PBXFileReference; lastKnownFileType = file.storyboard; name = Base; path = Base.lproj/Main.storyboard; sourceTree = "<group>"; };
		7B66547B25E54461004C451E /* Assets.xcassets */ = {isa = PBXFileReference; lastKnownFileType = folder.assetcatalog; path = Assets.xcassets; sourceTree = "<group>"; };
		7B66547E25E54461004C451E /* Base */ = {isa = PBXFileReference; lastKnownFileType = file.storyboard; name = Base; path = Base.lproj/LaunchScreen.storyboard; sourceTree = "<group>"; };
		7B66548025E54461004C451E /* Info.plist */ = {isa = PBXFileReference; lastKnownFileType = text.plist.xml; path = Info.plist; sourceTree = "<group>"; };
		7BB7B98A25EA31B000E51AEA /* PlanetInfoViewController.swift */ = {isa = PBXFileReference; lastKnownFileType = sourcecode.swift; path = PlanetInfoViewController.swift; sourceTree = "<group>"; };
		7BE73C3525EBDAF100A31D32 /* images */ = {isa = PBXFileReference; lastKnownFileType = folder; path = images; sourceTree = "<group>"; };
		7BE73C3825EBDB0400A31D32 /* planetsPng */ = {isa = PBXFileReference; lastKnownFileType = folder; path = planetsPng; sourceTree = "<group>"; };
/* End PBXFileReference section */

/* Begin PBXFrameworksBuildPhase section */
		7B66546C25E54461004C451E /* Frameworks */ = {
			isa = PBXFrameworksBuildPhase;
			buildActionMask = 2147483647;
			files = (
			);
			runOnlyForDeploymentPostprocessing = 0;
		};
/* End PBXFrameworksBuildPhase section */

/* Begin PBXGroup section */
		7B2F46BA25E54598001AE6E5 /* Controller */ = {
			isa = PBXGroup;
			children = (
				7B2F46C325E548FC001AE6E5 /* PlanetViewController.swift */,
				7B66547625E54461004C451E /* PlanetView.swift */,
				7BB7B98A25EA31B000E51AEA /* PlanetInfoViewController.swift */,
			);
			path = Controller;
			sourceTree = "<group>";
		};
		7B2F46BB25E545A1001AE6E5 /* View */ = {
			isa = PBXGroup;
			children = (
				7B66547825E54461004C451E /* Main.storyboard */,
				7B2F46C625E553F9001AE6E5 /* PlanetCell.swift */,
				7B2F46C725E553F9001AE6E5 /* PlanetCell.xib */,
			);
			path = View;
			sourceTree = "<group>";
		};
		7B2F46BC25E545A8001AE6E5 /* Model */ = {
			isa = PBXGroup;
			children = (
				7B2F46BF25E546EB001AE6E5 /* PlanetData.swift */,
			);
			path = Model;
			sourceTree = "<group>";
		};
		7B66546625E54461004C451E = {
			isa = PBXGroup;
			children = (
				7B66547125E54461004C451E /* Space */,
				7B66547025E54461004C451E /* Products */,
			);
			sourceTree = "<group>";
		};
		7B66547025E54461004C451E /* Products */ = {
			isa = PBXGroup;
			children = (
				7B66546F25E54461004C451E /* Space.app */,
			);
			name = Products;
			sourceTree = "<group>";
		};
		7B66547125E54461004C451E /* Space */ = {
			isa = PBXGroup;
			children = (
				7B66547225E54461004C451E /* AppDelegate.swift */,
				7B2F46BC25E545A8001AE6E5 /* Model */,
				7B2F46BB25E545A1001AE6E5 /* View */,
				7B2F46BA25E54598001AE6E5 /* Controller */,
				7BE73C3825EBDB0400A31D32 /* planetsPng */,
				7BE73C3525EBDAF100A31D32 /* images */,
				7B66547425E54461004C451E /* art.scnassets */,
				7B66547B25E54461004C451E /* Assets.xcassets */,
				7B66547D25E54461004C451E /* LaunchScreen.storyboard */,
				7B66548025E54461004C451E /* Info.plist */,
			);
			path = Space;
			sourceTree = "<group>";
		};
/* End PBXGroup section */

/* Begin PBXNativeTarget section */
		7B66546E25E54461004C451E /* Space */ = {
			isa = PBXNativeTarget;
			buildConfigurationList = 7B66548325E54461004C451E /* Build configuration list for PBXNativeTarget "Space" */;
			buildPhases = (
				7B66546B25E54461004C451E /* Sources */,
				7B66546C25E54461004C451E /* Frameworks */,
				7B66546D25E54461004C451E /* Resources */,
			);
			buildRules = (
			);
			dependencies = (
			);
			name = Space;
			productName = Space;
			productReference = 7B66546F25E54461004C451E /* Space.app */;
			productType = "com.apple.product-type.application";
		};
/* End PBXNativeTarget section */

/* Begin PBXProject section */
		7B66546725E54461004C451E /* Project object */ = {
			isa = PBXProject;
			attributes = {
				LastSwiftUpdateCheck = 1240;
				LastUpgradeCheck = 1240;
				TargetAttributes = {
					7B66546E25E54461004C451E = {
						CreatedOnToolsVersion = 12.4;
					};
				};
			};
			buildConfigurationList = 7B66546A25E54461004C451E /* Build configuration list for PBXProject "Space" */;
			compatibilityVersion = "Xcode 9.3";
			developmentRegion = en;
			hasScannedForEncodings = 0;
			knownRegions = (
				en,
				Base,
			);
			mainGroup = 7B66546625E54461004C451E;
			productRefGroup = 7B66547025E54461004C451E /* Products */;
			projectDirPath = "";
			projectRoot = "";
			targets = (
				7B66546E25E54461004C451E /* Space */,
			);
		};
/* End PBXProject section */

/* Begin PBXResourcesBuildPhase section */
		7B66546D25E54461004C451E /* Resources */ = {
			isa = PBXResourcesBuildPhase;
			buildActionMask = 2147483647;
			files = (
				7BE73C3925EBDB0400A31D32 /* planetsPng in Resources */,
				7BE73C3625EBDAF100A31D32 /* images in Resources */,
				7B66547525E54461004C451E /* art.scnassets in Resources */,
				7B2F46C925E553F9001AE6E5 /* PlanetCell.xib in Resources */,
				7B66547F25E54461004C451E /* LaunchScreen.storyboard in Resources */,
				7B66547C25E54461004C451E /* Assets.xcassets in Resources */,
				7B66547A25E54461004C451E /* Main.storyboard in Resources */,
			);
			runOnlyForDeploymentPostprocessing = 0;
		};
/* End PBXResourcesBuildPhase section */

/* Begin PBXSourcesBuildPhase section */
		7B66546B25E54461004C451E /* Sources */ = {
			isa = PBXSourcesBuildPhase;
			buildActionMask = 2147483647;
			files = (
				7B2F46C425E548FC001AE6E5 /* PlanetViewController.swift in Sources */,
				7B2F46C825E553F9001AE6E5 /* PlanetCell.swift in Sources */,
				7B66547725E54461004C451E /* PlanetView.swift in Sources */,
				7B66547325E54461004C451E /* AppDelegate.swift in Sources */,
				7BB7B98B25EA31B000E51AEA /* PlanetInfoViewController.swift in Sources */,
				7B2F46C025E546EB001AE6E5 /* PlanetData.swift in Sources */,
			);
			runOnlyForDeploymentPostprocessing = 0;
		};
/* End PBXSourcesBuildPhase section */

/* Begin PBXVariantGroup section */
		7B66547825E54461004C451E /* Main.storyboard */ = {
			isa = PBXVariantGroup;
			children = (
				7B66547925E54461004C451E /* Base */,
			);
			name = Main.storyboard;
			sourceTree = "<group>";
		};
		7B66547D25E54461004C451E /* LaunchScreen.storyboard */ = {
			isa = PBXVariantGroup;
			children = (
				7B66547E25E54461004C451E /* Base */,
			);
			name = LaunchScreen.storyboard;
			sourceTree = "<group>";
		};
/* End PBXVariantGroup section */

/* Begin XCBuildConfiguration section */
		7B66548125E54461004C451E /* Debug */ = {
			isa = XCBuildConfiguration;
			buildSettings = {
				ALWAYS_SEARCH_USER_PATHS = NO;
				CLANG_ANALYZER_NONNULL = YES;
				CLANG_ANALYZER_NUMBER_OBJECT_CONVERSION = YES_AGGRESSIVE;
				CLANG_CXX_LANGUAGE_STANDARD = "gnu++14";
				CLANG_CXX_LIBRARY = "libc++";
				CLANG_ENABLE_MODULES = YES;
				CLANG_ENABLE_OBJC_ARC = YES;
				CLANG_ENABLE_OBJC_WEAK = YES;
				CLANG_WARN_BLOCK_CAPTURE_AUTORELEASING = YES;
				CLANG_WARN_BOOL_CONVERSION = YES;
				CLANG_WARN_COMMA = YES;
				CLANG_WARN_CONSTANT_CONVERSION = YES;
				CLANG_WARN_DEPRECATED_OBJC_IMPLEMENTATIONS = YES;
				CLANG_WARN_DIRECT_OBJC_ISA_USAGE = YES_ERROR;
				CLANG_WARN_DOCUMENTATION_COMMENTS = YES;
				CLANG_WARN_EMPTY_BODY = YES;
				CLANG_WARN_ENUM_CONVERSION = YES;
				CLANG_WARN_INFINITE_RECURSION = YES;
				CLANG_WARN_INT_CONVERSION = YES;
				CLANG_WARN_NON_LITERAL_NULL_CONVERSION = YES;
				CLANG_WARN_OBJC_IMPLICIT_RETAIN_SELF = YES;
				CLANG_WARN_OBJC_LITERAL_CONVERSION = YES;
				CLANG_WARN_OBJC_ROOT_CLASS = YES_ERROR;
				CLANG_WARN_QUOTED_INCLUDE_IN_FRAMEWORK_HEADER = YES;
				CLANG_WARN_RANGE_LOOP_ANALYSIS = YES;
				CLANG_WARN_STRICT_PROTOTYPES = YES;
				CLANG_WARN_SUSPICIOUS_MOVE = YES;
				CLANG_WARN_UNGUARDED_AVAILABILITY = YES_AGGRESSIVE;
				CLANG_WARN_UNREACHABLE_CODE = YES;
				CLANG_WARN__DUPLICATE_METHOD_MATCH = YES;
				COPY_PHASE_STRIP = NO;
				DEBUG_INFORMATION_FORMAT = dwarf;
				ENABLE_STRICT_OBJC_MSGSEND = YES;
				ENABLE_TESTABILITY = YES;
				GCC_C_LANGUAGE_STANDARD = gnu11;
				GCC_DYNAMIC_NO_PIC = NO;
				GCC_NO_COMMON_BLOCKS = YES;
				GCC_OPTIMIZATION_LEVEL = 0;
				GCC_PREPROCESSOR_DEFINITIONS = (
					"DEBUG=1",
					"$(inherited)",
				);
				GCC_WARN_64_TO_32_BIT_CONVERSION = YES;
				GCC_WARN_ABOUT_RETURN_TYPE = YES_ERROR;
				GCC_WARN_UNDECLARED_SELECTOR = YES;
				GCC_WARN_UNINITIALIZED_AUTOS = YES_AGGRESSIVE;
				GCC_WARN_UNUSED_FUNCTION = YES;
				GCC_WARN_UNUSED_VARIABLE = YES;
				IPHONEOS_DEPLOYMENT_TARGET = 14.4;
				MTL_ENABLE_DEBUG_INFO = INCLUDE_SOURCE;
				MTL_FAST_MATH = YES;
				ONLY_ACTIVE_ARCH = YES;
				SDKROOT = iphoneos;
				SWIFT_ACTIVE_COMPILATION_CONDITIONS = DEBUG;
				SWIFT_OPTIMIZATION_LEVEL = "-Onone";
			};
			name = Debug;
		};
		7B66548225E54461004C451E /* Release */ = {
			isa = XCBuildConfiguration;
			buildSettings = {
				ALWAYS_SEARCH_USER_PATHS = NO;
				CLANG_ANALYZER_NONNULL = YES;
				CLANG_ANALYZER_NUMBER_OBJECT_CONVERSION = YES_AGGRESSIVE;
				CLANG_CXX_LANGUAGE_STANDARD = "gnu++14";
				CLANG_CXX_LIBRARY = "libc++";
				CLANG_ENABLE_MODULES = YES;
				CLANG_ENABLE_OBJC_ARC = YES;
				CLANG_ENABLE_OBJC_WEAK = YES;
				CLANG_WARN_BLOCK_CAPTURE_AUTORELEASING = YES;
				CLANG_WARN_BOOL_CONVERSION = YES;
				CLANG_WARN_COMMA = YES;
				CLANG_WARN_CONSTANT_CONVERSION = YES;
				CLANG_WARN_DEPRECATED_OBJC_IMPLEMENTATIONS = YES;
				CLANG_WARN_DIRECT_OBJC_ISA_USAGE = YES_ERROR;
				CLANG_WARN_DOCUMENTATION_COMMENTS = YES;
				CLANG_WARN_EMPTY_BODY = YES;
				CLANG_WARN_ENUM_CONVERSION = YES;
				CLANG_WARN_INFINITE_RECURSION = YES;
				CLANG_WARN_INT_CONVERSION = YES;
				CLANG_WARN_NON_LITERAL_NULL_CONVERSION = YES;
				CLANG_WARN_OBJC_IMPLICIT_RETAIN_SELF = YES;
				CLANG_WARN_OBJC_LITERAL_CONVERSION = YES;
				CLANG_WARN_OBJC_ROOT_CLASS = YES_ERROR;
				CLANG_WARN_QUOTED_INCLUDE_IN_FRAMEWORK_HEADER = YES;
				CLANG_WARN_RANGE_LOOP_ANALYSIS = YES;
				CLANG_WARN_STRICT_PROTOTYPES = YES;
				CLANG_WARN_SUSPICIOUS_MOVE = YES;
				CLANG_WARN_UNGUARDED_AVAILABILITY = YES_AGGRESSIVE;
				CLANG_WARN_UNREACHABLE_CODE = YES;
				CLANG_WARN__DUPLICATE_METHOD_MATCH = YES;
				COPY_PHASE_STRIP = NO;
				DEBUG_INFORMATION_FORMAT = "dwarf-with-dsym";
				ENABLE_NS_ASSERTIONS = NO;
				ENABLE_STRICT_OBJC_MSGSEND = YES;
				GCC_C_LANGUAGE_STANDARD = gnu11;
				GCC_NO_COMMON_BLOCKS = YES;
				GCC_WARN_64_TO_32_BIT_CONVERSION = YES;
				GCC_WARN_ABOUT_RETURN_TYPE = YES_ERROR;
				GCC_WARN_UNDECLARED_SELECTOR = YES;
				GCC_WARN_UNINITIALIZED_AUTOS = YES_AGGRESSIVE;
				GCC_WARN_UNUSED_FUNCTION = YES;
				GCC_WARN_UNUSED_VARIABLE = YES;
				IPHONEOS_DEPLOYMENT_TARGET = 14.4;
				MTL_ENABLE_DEBUG_INFO = NO;
				MTL_FAST_MATH = YES;
				SDKROOT = iphoneos;
				SWIFT_COMPILATION_MODE = wholemodule;
				SWIFT_OPTIMIZATION_LEVEL = "-O";
				VALIDATE_PRODUCT = YES;
			};
			name = Release;
		};
		7B66548425E54461004C451E /* Debug */ = {
			isa = XCBuildConfiguration;
			buildSettings = {
				ASSETCATALOG_COMPILER_APPICON_NAME = AppIcon;
				ASSETCATALOG_COMPILER_GLOBAL_ACCENT_COLOR_NAME = AccentColor;
				CODE_SIGN_STYLE = Automatic;
				DEVELOPMENT_TEAM = 466CHC97RS;
				INFOPLIST_FILE = Space/Info.plist;
				LD_RUNPATH_SEARCH_PATHS = (
					"$(inherited)",
					"@executable_path/Frameworks",
				);
				PRODUCT_BUNDLE_IDENTIFIER = Anmol.Space;
				PRODUCT_NAME = "$(TARGET_NAME)";
				SWIFT_VERSION = 5.0;
				TARGETED_DEVICE_FAMILY = "1,2";
			};
			name = Debug;
		};
		7B66548525E54461004C451E /* Release */ = {
			isa = XCBuildConfiguration;
			buildSettings = {
				ASSETCATALOG_COMPILER_APPICON_NAME = AppIcon;
				ASSETCATALOG_COMPILER_GLOBAL_ACCENT_COLOR_NAME = AccentColor;
				CODE_SIGN_STYLE = Automatic;
				DEVELOPMENT_TEAM = 466CHC97RS;
				INFOPLIST_FILE = Space/Info.plist;
				LD_RUNPATH_SEARCH_PATHS = (
					"$(inherited)",
					"@executable_path/Frameworks",
				);
				PRODUCT_BUNDLE_IDENTIFIER = Anmol.Space;
				PRODUCT_NAME = "$(TARGET_NAME)";
				SWIFT_VERSION = 5.0;
				TARGETED_DEVICE_FAMILY = "1,2";
			};
			name = Release;
		};
/* End XCBuildConfiguration section */

/* Begin XCConfigurationList section */
		7B66546A25E54461004C451E /* Build configuration list for PBXProject "Space" */ = {
			isa = XCConfigurationList;
			buildConfigurations = (
				7B66548125E54461004C451E /* Debug */,
				7B66548225E54461004C451E /* Release */,
			);
			defaultConfigurationIsVisible = 0;
			defaultConfigurationName = Release;
		};
		7B66548325E54461004C451E /* Build configuration list for PBXNativeTarget "Space" */ = {
			isa = XCConfigurationList;
			buildConfigurations = (
				7B66548425E54461004C451E /* Debug */,
				7B66548525E54461004C451E /* Release */,
			);
			defaultConfigurationIsVisible = 0;
			defaultConfigurationName = Release;
		};
/* End XCConfigurationList section */
	};
	rootObject = 7B66546725E54461004C451E /* Project object */;
}
