// !$*UTF8*$!
{
	archiveVersion = 1;
	classes = {
	};
	objectVersion = 50;
	objects = {

/* Begin PBXBuildFile section */
		7B6CFAB124CEF5FC00A50168 /* AppDelegate.swift in Sources */ = {isa = PBXBuildFile; fileRef = 7B6CFAB024CEF5FC00A50168 /* AppDelegate.swift */; };
		7B6CFAB324CEF5FC00A50168 /* SceneDelegate.swift in Sources */ = {isa = PBXBuildFile; fileRef = 7B6CFAB224CEF5FC00A50168 /* SceneDelegate.swift */; };
		7B6CFAB524CEF5FC00A50168 /* Controller.swift in Sources */ = {isa = PBXBuildFile; fileRef = 7B6CFAB424CEF5FC00A50168 /* Controller.swift */; };
		7B6CFAB824CEF5FC00A50168 /* Main.storyboard in Resources */ = {isa = PBXBuildFile; fileRef = 7B6CFAB624CEF5FC00A50168 /* Main.storyboard */; };
		7B6CFABA24CEF5FD00A50168 /* Assets.xcassets in Resources */ = {isa = PBXBuildFile; fileRef = 7B6CFAB924CEF5FD00A50168 /* Assets.xcassets */; };
		7B6CFABD24CEF5FD00A50168 /* LaunchScreen.storyboard in Resources */ = {isa = PBXBuildFile; fileRef = 7B6CFABB24CEF5FD00A50168 /* LaunchScreen.storyboard */; };
		7B6CFAC824CEF89300A50168 /* AppleProduct.swift in Sources */ = {isa = PBXBuildFile; fileRef = 7B6CFAC724CEF89300A50168 /* AppleProduct.swift */; };
		7B6CFACA24CEFAC000A50168 /* CustomClass.swift in Sources */ = {isa = PBXBuildFile; fileRef = 7B6CFAC924CEFAC000A50168 /* CustomClass.swift */; };
		7B6CFACC24CF06D700A50168 /* SamsungProduct.swift in Sources */ = {isa = PBXBuildFile; fileRef = 7B6CFACB24CF06D700A50168 /* SamsungProduct.swift */; };
		7B6CFACE24CF07A400A50168 /* CustomSamsungClass.swift in Sources */ = {isa = PBXBuildFile; fileRef = 7B6CFACD24CF07A400A50168 /* CustomSamsungClass.swift */; };
/* End PBXBuildFile section */

/* Begin PBXFileReference section */
		7B6CFAAD24CEF5FC00A50168 /* mvc-tutorial.app */ = {isa = PBXFileReference; explicitFileType = wrapper.application; includeInIndex = 0; path = "mvc-tutorial.app"; sourceTree = BUILT_PRODUCTS_DIR; };
		7B6CFAB024CEF5FC00A50168 /* AppDelegate.swift */ = {isa = PBXFileReference; lastKnownFileType = sourcecode.swift; path = AppDelegate.swift; sourceTree = "<group>"; };
		7B6CFAB224CEF5FC00A50168 /* SceneDelegate.swift */ = {isa = PBXFileReference; lastKnownFileType = sourcecode.swift; path = SceneDelegate.swift; sourceTree = "<group>"; };
		7B6CFAB424CEF5FC00A50168 /* Controller.swift */ = {isa = PBXFileReference; lastKnownFileType = sourcecode.swift; path = Controller.swift; sourceTree = "<group>"; };
		7B6CFAB724CEF5FC00A50168 /* Base */ = {isa = PBXFileReference; lastKnownFileType = file.storyboard; name = Base; path = Base.lproj/Main.storyboard; sourceTree = "<group>"; };
		7B6CFAB924CEF5FD00A50168 /* Assets.xcassets */ = {isa = PBXFileReference; lastKnownFileType = folder.assetcatalog; path = Assets.xcassets; sourceTree = "<group>"; };
		7B6CFABC24CEF5FD00A50168 /* Base */ = {isa = PBXFileReference; lastKnownFileType = file.storyboard; name = Base; path = Base.lproj/LaunchScreen.storyboard; sourceTree = "<group>"; };
		7B6CFABE24CEF5FD00A50168 /* Info.plist */ = {isa = PBXFileReference; lastKnownFileType = text.plist.xml; path = Info.plist; sourceTree = "<group>"; };
		7B6CFAC724CEF89300A50168 /* AppleProduct.swift */ = {isa = PBXFileReference; lastKnownFileType = sourcecode.swift; path = AppleProduct.swift; sourceTree = "<group>"; };
		7B6CFAC924CEFAC000A50168 /* CustomClass.swift */ = {isa = PBXFileReference; lastKnownFileType = sourcecode.swift; path = CustomClass.swift; sourceTree = "<group>"; };
		7B6CFACB24CF06D700A50168 /* SamsungProduct.swift */ = {isa = PBXFileReference; lastKnownFileType = sourcecode.swift; path = SamsungProduct.swift; sourceTree = "<group>"; };
		7B6CFACD24CF07A400A50168 /* CustomSamsungClass.swift */ = {isa = PBXFileReference; lastKnownFileType = sourcecode.swift; path = CustomSamsungClass.swift; sourceTree = "<group>"; };
/* End PBXFileReference section */

/* Begin PBXFrameworksBuildPhase section */
		7B6CFAAA24CEF5FC00A50168 /* Frameworks */ = {
			isa = PBXFrameworksBuildPhase;
			buildActionMask = 2147483647;
			files = (
			);
			runOnlyForDeploymentPostprocessing = 0;
		};
/* End PBXFrameworksBuildPhase section */

/* Begin PBXGroup section */
		7B6CFAA424CEF5FC00A50168 = {
			isa = PBXGroup;
			children = (
				7B6CFAAF24CEF5FC00A50168 /* mvc-tutorial */,
				7B6CFAAE24CEF5FC00A50168 /* Products */,
			);
			sourceTree = "<group>";
		};
		7B6CFAAE24CEF5FC00A50168 /* Products */ = {
			isa = PBXGroup;
			children = (
				7B6CFAAD24CEF5FC00A50168 /* mvc-tutorial.app */,
			);
			name = Products;
			sourceTree = "<group>";
		};
		7B6CFAAF24CEF5FC00A50168 /* mvc-tutorial */ = {
			isa = PBXGroup;
			children = (
				7B6CFAC624CEF69600A50168 /* Model */,
				7B6CFAC524CEF69000A50168 /* View */,
				7B6CFAC424CEF68800A50168 /* Controller */,
				7B6CFAB024CEF5FC00A50168 /* AppDelegate.swift */,
				7B6CFAB224CEF5FC00A50168 /* SceneDelegate.swift */,
				7B6CFAB624CEF5FC00A50168 /* Main.storyboard */,
				7B6CFAB924CEF5FD00A50168 /* Assets.xcassets */,
				7B6CFABB24CEF5FD00A50168 /* LaunchScreen.storyboard */,
				7B6CFABE24CEF5FD00A50168 /* Info.plist */,
			);
			path = "mvc-tutorial";
			sourceTree = "<group>";
		};
		7B6CFAC424CEF68800A50168 /* Controller */ = {
			isa = PBXGroup;
			children = (
				7B6CFAB424CEF5FC00A50168 /* Controller.swift */,
			);
			path = Controller;
			sourceTree = "<group>";
		};
		7B6CFAC524CEF69000A50168 /* View */ = {
			isa = PBXGroup;
			children = (
				7B6CFAC924CEFAC000A50168 /* CustomClass.swift */,
				7B6CFACD24CF07A400A50168 /* CustomSamsungClass.swift */,
			);
			path = View;
			sourceTree = "<group>";
		};
		7B6CFAC624CEF69600A50168 /* Model */ = {
			isa = PBXGroup;
			children = (
				7B6CFAC724CEF89300A50168 /* AppleProduct.swift */,
				7B6CFACB24CF06D700A50168 /* SamsungProduct.swift */,
			);
			path = Model;
			sourceTree = "<group>";
		};
/* End PBXGroup section */

/* Begin PBXNativeTarget section */
		7B6CFAAC24CEF5FC00A50168 /* mvc-tutorial */ = {
			isa = PBXNativeTarget;
			buildConfigurationList = 7B6CFAC124CEF5FD00A50168 /* Build configuration list for PBXNativeTarget "mvc-tutorial" */;
			buildPhases = (
				7B6CFAA924CEF5FC00A50168 /* Sources */,
				7B6CFAAA24CEF5FC00A50168 /* Frameworks */,
				7B6CFAAB24CEF5FC00A50168 /* Resources */,
			);
			buildRules = (
			);
			dependencies = (
			);
			name = "mvc-tutorial";
			productName = "mvc-tutorial";
			productReference = 7B6CFAAD24CEF5FC00A50168 /* mvc-tutorial.app */;
			productType = "com.apple.product-type.application";
		};
/* End PBXNativeTarget section */

/* Begin PBXProject section */
		7B6CFAA524CEF5FC00A50168 /* Project object */ = {
			isa = PBXProject;
			attributes = {
				LastSwiftUpdateCheck = 1160;
				LastUpgradeCheck = 1160;
				ORGANIZATIONNAME = "Anmol Kalra";
				TargetAttributes = {
					7B6CFAAC24CEF5FC00A50168 = {
						CreatedOnToolsVersion = 11.6;
					};
				};
			};
			buildConfigurationList = 7B6CFAA824CEF5FC00A50168 /* Build configuration list for PBXProject "mvc-tutorial" */;
			compatibilityVersion = "Xcode 9.3";
			developmentRegion = en;
			hasScannedForEncodings = 0;
			knownRegions = (
				en,
				Base,
			);
			mainGroup = 7B6CFAA424CEF5FC00A50168;
			productRefGroup = 7B6CFAAE24CEF5FC00A50168 /* Products */;
			projectDirPath = "";
			projectRoot = "";
			targets = (
				7B6CFAAC24CEF5FC00A50168 /* mvc-tutorial */,
			);
		};
/* End PBXProject section */

/* Begin PBXResourcesBuildPhase section */
		7B6CFAAB24CEF5FC00A50168 /* Resources */ = {
			isa = PBXResourcesBuildPhase;
			buildActionMask = 2147483647;
			files = (
				7B6CFABD24CEF5FD00A50168 /* LaunchScreen.storyboard in Resources */,
				7B6CFABA24CEF5FD00A50168 /* Assets.xcassets in Resources */,
				7B6CFAB824CEF5FC00A50168 /* Main.storyboard in Resources */,
			);
			runOnlyForDeploymentPostprocessing = 0;
		};
/* End PBXResourcesBuildPhase section */

/* Begin PBXSourcesBuildPhase section */
		7B6CFAA924CEF5FC00A50168 /* Sources */ = {
			isa = PBXSourcesBuildPhase;
			buildActionMask = 2147483647;
			files = (
				7B6CFACA24CEFAC000A50168 /* CustomClass.swift in Sources */,
				7B6CFACC24CF06D700A50168 /* SamsungProduct.swift in Sources */,
				7B6CFAC824CEF89300A50168 /* AppleProduct.swift in Sources */,
				7B6CFAB524CEF5FC00A50168 /* Controller.swift in Sources */,
				7B6CFAB124CEF5FC00A50168 /* AppDelegate.swift in Sources */,
				7B6CFAB324CEF5FC00A50168 /* SceneDelegate.swift in Sources */,
				7B6CFACE24CF07A400A50168 /* CustomSamsungClass.swift in Sources */,
			);
			runOnlyForDeploymentPostprocessing = 0;
		};
/* End PBXSourcesBuildPhase section */

/* Begin PBXVariantGroup section */
		7B6CFAB624CEF5FC00A50168 /* Main.storyboard */ = {
			isa = PBXVariantGroup;
			children = (
				7B6CFAB724CEF5FC00A50168 /* Base */,
			);
			name = Main.storyboard;
			sourceTree = "<group>";
		};
		7B6CFABB24CEF5FD00A50168 /* LaunchScreen.storyboard */ = {
			isa = PBXVariantGroup;
			children = (
				7B6CFABC24CEF5FD00A50168 /* Base */,
			);
			name = LaunchScreen.storyboard;
			sourceTree = "<group>";
		};
/* End PBXVariantGroup section */

/* Begin XCBuildConfiguration section */
		7B6CFABF24CEF5FD00A50168 /* Debug */ = {
			isa = XCBuildConfiguration;
			buildSettings = {
				ALWAYS_SEARCH_USER_PATHS = NO;
				CLANG_ANALYZER_NONNULL = YES;
				CLANG_ANALYZER_NUMBER_OBJECT_CONVERSION = YES_AGGRESSIVE;
				CLANG_CXX_LANGUAGE_STANDARD = "gnu++14";
				CLANG_CXX_LIBRARY = "libc++";
				CLANG_ENABLE_MODULES = YES;
				CLANG_ENABLE_OBJC_ARC = YES;
				CLANG_ENABLE_OBJC_WEAK = YES;
				CLANG_WARN_BLOCK_CAPTURE_AUTORELEASING = YES;
				CLANG_WARN_BOOL_CONVERSION = YES;
				CLANG_WARN_COMMA = YES;
				CLANG_WARN_CONSTANT_CONVERSION = YES;
				CLANG_WARN_DEPRECATED_OBJC_IMPLEMENTATIONS = YES;
				CLANG_WARN_DIRECT_OBJC_ISA_USAGE = YES_ERROR;
				CLANG_WARN_DOCUMENTATION_COMMENTS = YES;
				CLANG_WARN_EMPTY_BODY = YES;
				CLANG_WARN_ENUM_CONVERSION = YES;
				CLANG_WARN_INFINITE_RECURSION = YES;
				CLANG_WARN_INT_CONVERSION = YES;
				CLANG_WARN_NON_LITERAL_NULL_CONVERSION = YES;
				CLANG_WARN_OBJC_IMPLICIT_RETAIN_SELF = YES;
				CLANG_WARN_OBJC_LITERAL_CONVERSION = YES;
				CLANG_WARN_OBJC_ROOT_CLASS = YES_ERROR;
				CLANG_WARN_RANGE_LOOP_ANALYSIS = YES;
				CLANG_WARN_STRICT_PROTOTYPES = YES;
				CLANG_WARN_SUSPICIOUS_MOVE = YES;
				CLANG_WARN_UNGUARDED_AVAILABILITY = YES_AGGRESSIVE;
				CLANG_WARN_UNREACHABLE_CODE = YES;
				CLANG_WARN__DUPLICATE_METHOD_MATCH = YES;
				COPY_PHASE_STRIP = NO;
				DEBUG_INFORMATION_FORMAT = dwarf;
				ENABLE_STRICT_OBJC_MSGSEND = YES;
				ENABLE_TESTABILITY = YES;
				GCC_C_LANGUAGE_STANDARD = gnu11;
				GCC_DYNAMIC_NO_PIC = NO;
				GCC_NO_COMMON_BLOCKS = YES;
				GCC_OPTIMIZATION_LEVEL = 0;
				GCC_PREPROCESSOR_DEFINITIONS = (
					"DEBUG=1",
					"$(inherited)",
				);
				GCC_WARN_64_TO_32_BIT_CONVERSION = YES;
				GCC_WARN_ABOUT_RETURN_TYPE = YES_ERROR;
				GCC_WARN_UNDECLARED_SELECTOR = YES;
				GCC_WARN_UNINITIALIZED_AUTOS = YES_AGGRESSIVE;
				GCC_WARN_UNUSED_FUNCTION = YES;
				GCC_WARN_UNUSED_VARIABLE = YES;
				IPHONEOS_DEPLOYMENT_TARGET = 13.6;
				MTL_ENABLE_DEBUG_INFO = INCLUDE_SOURCE;
				MTL_FAST_MATH = YES;
				ONLY_ACTIVE_ARCH = YES;
				SDKROOT = iphoneos;
				SWIFT_ACTIVE_COMPILATION_CONDITIONS = DEBUG;
				SWIFT_OPTIMIZATION_LEVEL = "-Onone";
			};
			name = Debug;
		};
		7B6CFAC024CEF5FD00A50168 /* Release */ = {
			isa = XCBuildConfiguration;
			buildSettings = {
				ALWAYS_SEARCH_USER_PATHS = NO;
				CLANG_ANALYZER_NONNULL = YES;
				CLANG_ANALYZER_NUMBER_OBJECT_CONVERSION = YES_AGGRESSIVE;
				CLANG_CXX_LANGUAGE_STANDARD = "gnu++14";
				CLANG_CXX_LIBRARY = "libc++";
				CLANG_ENABLE_MODULES = YES;
				CLANG_ENABLE_OBJC_ARC = YES;
				CLANG_ENABLE_OBJC_WEAK = YES;
				CLANG_WARN_BLOCK_CAPTURE_AUTORELEASING = YES;
				CLANG_WARN_BOOL_CONVERSION = YES;
				CLANG_WARN_COMMA = YES;
				CLANG_WARN_CONSTANT_CONVERSION = YES;
				CLANG_WARN_DEPRECATED_OBJC_IMPLEMENTATIONS = YES;
				CLANG_WARN_DIRECT_OBJC_ISA_USAGE = YES_ERROR;
				CLANG_WARN_DOCUMENTATION_COMMENTS = YES;
				CLANG_WARN_EMPTY_BODY = YES;
				CLANG_WARN_ENUM_CONVERSION = YES;
				CLANG_WARN_INFINITE_RECURSION = YES;
				CLANG_WARN_INT_CONVERSION = YES;
				CLANG_WARN_NON_LITERAL_NULL_CONVERSION = YES;
				CLANG_WARN_OBJC_IMPLICIT_RETAIN_SELF = YES;
				CLANG_WARN_OBJC_LITERAL_CONVERSION = YES;
				CLANG_WARN_OBJC_ROOT_CLASS = YES_ERROR;
				CLANG_WARN_RANGE_LOOP_ANALYSIS = YES;
				CLANG_WARN_STRICT_PROTOTYPES = YES;
				CLANG_WARN_SUSPICIOUS_MOVE = YES;
				CLANG_WARN_UNGUARDED_AVAILABILITY = YES_AGGRESSIVE;
				CLANG_WARN_UNREACHABLE_CODE = YES;
				CLANG_WARN__DUPLICATE_METHOD_MATCH = YES;
				COPY_PHASE_STRIP = NO;
				DEBUG_INFORMATION_FORMAT = "dwarf-with-dsym";
				ENABLE_NS_ASSERTIONS = NO;
				ENABLE_STRICT_OBJC_MSGSEND = YES;
				GCC_C_LANGUAGE_STANDARD = gnu11;
				GCC_NO_COMMON_BLOCKS = YES;
				GCC_WARN_64_TO_32_BIT_CONVERSION = YES;
				GCC_WARN_ABOUT_RETURN_TYPE = YES_ERROR;
				GCC_WARN_UNDECLARED_SELECTOR = YES;
				GCC_WARN_UNINITIALIZED_AUTOS = YES_AGGRESSIVE;
				GCC_WARN_UNUSED_FUNCTION = YES;
				GCC_WARN_UNUSED_VARIABLE = YES;
				IPHONEOS_DEPLOYMENT_TARGET = 13.6;
				MTL_ENABLE_DEBUG_INFO = NO;
				MTL_FAST_MATH = YES;
				SDKROOT = iphoneos;
				SWIFT_COMPILATION_MODE = wholemodule;
				SWIFT_OPTIMIZATION_LEVEL = "-O";
				VALIDATE_PRODUCT = YES;
			};
			name = Release;
		};
		7B6CFAC224CEF5FD00A50168 /* Debug */ = {
			isa = XCBuildConfiguration;
			buildSettings = {
				ASSETCATALOG_COMPILER_APPICON_NAME = AppIcon;
				CODE_SIGN_STYLE = Automatic;
				DEVELOPMENT_TEAM = 466CHC97RS;
				INFOPLIST_FILE = "mvc-tutorial/Info.plist";
				LD_RUNPATH_SEARCH_PATHS = (
					"$(inherited)",
					"@executable_path/Frameworks",
				);
				PRODUCT_BUNDLE_IDENTIFIER = "Anmol.mvc-tutorial";
				PRODUCT_NAME = "$(TARGET_NAME)";
				SWIFT_VERSION = 5.0;
				TARGETED_DEVICE_FAMILY = "1,2";
			};
			name = Debug;
		};
		7B6CFAC324CEF5FD00A50168 /* Release */ = {
			isa = XCBuildConfiguration;
			buildSettings = {
				ASSETCATALOG_COMPILER_APPICON_NAME = AppIcon;
				CODE_SIGN_STYLE = Automatic;
				DEVELOPMENT_TEAM = 466CHC97RS;
				INFOPLIST_FILE = "mvc-tutorial/Info.plist";
				LD_RUNPATH_SEARCH_PATHS = (
					"$(inherited)",
					"@executable_path/Frameworks",
				);
				PRODUCT_BUNDLE_IDENTIFIER = "Anmol.mvc-tutorial";
				PRODUCT_NAME = "$(TARGET_NAME)";
				SWIFT_VERSION = 5.0;
				TARGETED_DEVICE_FAMILY = "1,2";
			};
			name = Release;
		};
/* End XCBuildConfiguration section */

/* Begin XCConfigurationList section */
		7B6CFAA824CEF5FC00A50168 /* Build configuration list for PBXProject "mvc-tutorial" */ = {
			isa = XCConfigurationList;
			buildConfigurations = (
				7B6CFABF24CEF5FD00A50168 /* Debug */,
				7B6CFAC024CEF5FD00A50168 /* Release */,
			);
			defaultConfigurationIsVisible = 0;
			defaultConfigurationName = Release;
		};
		7B6CFAC124CEF5FD00A50168 /* Build configuration list for PBXNativeTarget "mvc-tutorial" */ = {
			isa = XCConfigurationList;
			buildConfigurations = (
				7B6CFAC224CEF5FD00A50168 /* Debug */,
				7B6CFAC324CEF5FD00A50168 /* Release */,
			);
			defaultConfigurationIsVisible = 0;
			defaultConfigurationName = Release;
		};
/* End XCConfigurationList section */
	};
	rootObject = 7B6CFAA524CEF5FC00A50168 /* Project object */;
}
