// !$*UTF8*$!
{
	archiveVersion = 1;
	classes = {
	};
	objectVersion = 50;
	objects = {

/* Begin PBXBuildFile section */
		7BA47E8224D6A25D0059DA52 /* AppDelegate.swift in Sources */ = {isa = PBXBuildFile; fileRef = 7BA47E8124D6A25D0059DA52 /* AppDelegate.swift */; };
		7BA47E8424D6A25D0059DA52 /* SceneDelegate.swift in Sources */ = {isa = PBXBuildFile; fileRef = 7BA47E8324D6A25D0059DA52 /* SceneDelegate.swift */; };
		7BA47E8624D6A25D0059DA52 /* MainVC.swift in Sources */ = {isa = PBXBuildFile; fileRef = 7BA47E8524D6A25D0059DA52 /* MainVC.swift */; };
		7BA47E8924D6A25D0059DA52 /* Main.storyboard in Resources */ = {isa = PBXBuildFile; fileRef = 7BA47E8724D6A25D0059DA52 /* Main.storyboard */; };
		7BA47E8B24D6A25E0059DA52 /* Assets.xcassets in Resources */ = {isa = PBXBuildFile; fileRef = 7BA47E8A24D6A25E0059DA52 /* Assets.xcassets */; };
		7BA47E8E24D6A25E0059DA52 /* LaunchScreen.storyboard in Resources */ = {isa = PBXBuildFile; fileRef = 7BA47E8C24D6A25E0059DA52 /* LaunchScreen.storyboard */; };
		7BA47E9824D6A7B80059DA52 /* CustomTextField.swift in Sources */ = {isa = PBXBuildFile; fileRef = 7BA47E9724D6A7B80059DA52 /* CustomTextField.swift */; };
		7BA47EA024D6E3910059DA52 /* Let_s_BuyTests.swift in Sources */ = {isa = PBXBuildFile; fileRef = 7BA47E9F24D6E3910059DA52 /* Let_s_BuyTests.swift */; };
		7BA47EA724D6E3BD0059DA52 /* MainVC.swift in Sources */ = {isa = PBXBuildFile; fileRef = 7BA47E8524D6A25D0059DA52 /* MainVC.swift */; };
		7BA47EAA24D6E4060059DA52 /* Wages.swift in Sources */ = {isa = PBXBuildFile; fileRef = 7BA47EA924D6E4060059DA52 /* Wages.swift */; };
		7BA47EAB24D6E5700059DA52 /* Wages.swift in Sources */ = {isa = PBXBuildFile; fileRef = 7BA47EA924D6E4060059DA52 /* Wages.swift */; };
		7BA47EAC24D6E5770059DA52 /* CustomTextField.swift in Sources */ = {isa = PBXBuildFile; fileRef = 7BA47E9724D6A7B80059DA52 /* CustomTextField.swift */; };
/* End PBXBuildFile section */

/* Begin PBXContainerItemProxy section */
		7BA47EA224D6E3910059DA52 /* PBXContainerItemProxy */ = {
			isa = PBXContainerItemProxy;
			containerPortal = 7BA47E7624D6A25D0059DA52 /* Project object */;
			proxyType = 1;
			remoteGlobalIDString = 7BA47E7D24D6A25D0059DA52;
			remoteInfo = "Let's Buy";
		};
/* End PBXContainerItemProxy section */

/* Begin PBXFileReference section */
		7BA47E7E24D6A25D0059DA52 /* Let's Buy.app */ = {isa = PBXFileReference; explicitFileType = wrapper.application; includeInIndex = 0; path = "Let's Buy.app"; sourceTree = BUILT_PRODUCTS_DIR; };
		7BA47E8124D6A25D0059DA52 /* AppDelegate.swift */ = {isa = PBXFileReference; lastKnownFileType = sourcecode.swift; path = AppDelegate.swift; sourceTree = "<group>"; };
		7BA47E8324D6A25D0059DA52 /* SceneDelegate.swift */ = {isa = PBXFileReference; lastKnownFileType = sourcecode.swift; path = SceneDelegate.swift; sourceTree = "<group>"; };
		7BA47E8524D6A25D0059DA52 /* MainVC.swift */ = {isa = PBXFileReference; lastKnownFileType = sourcecode.swift; path = MainVC.swift; sourceTree = "<group>"; };
		7BA47E8824D6A25D0059DA52 /* Base */ = {isa = PBXFileReference; lastKnownFileType = file.storyboard; name = Base; path = Base.lproj/Main.storyboard; sourceTree = "<group>"; };
		7BA47E8A24D6A25E0059DA52 /* Assets.xcassets */ = {isa = PBXFileReference; lastKnownFileType = folder.assetcatalog; path = Assets.xcassets; sourceTree = "<group>"; };
		7BA47E8D24D6A25E0059DA52 /* Base */ = {isa = PBXFileReference; lastKnownFileType = file.storyboard; name = Base; path = Base.lproj/LaunchScreen.storyboard; sourceTree = "<group>"; };
		7BA47E8F24D6A25E0059DA52 /* Info.plist */ = {isa = PBXFileReference; lastKnownFileType = text.plist.xml; path = Info.plist; sourceTree = "<group>"; };
		7BA47E9724D6A7B80059DA52 /* CustomTextField.swift */ = {isa = PBXFileReference; lastKnownFileType = sourcecode.swift; path = CustomTextField.swift; sourceTree = "<group>"; };
		7BA47E9D24D6E3910059DA52 /* Let's BuyTests.xctest */ = {isa = PBXFileReference; explicitFileType = wrapper.cfbundle; includeInIndex = 0; path = "Let's BuyTests.xctest"; sourceTree = BUILT_PRODUCTS_DIR; };
		7BA47E9F24D6E3910059DA52 /* Let_s_BuyTests.swift */ = {isa = PBXFileReference; lastKnownFileType = sourcecode.swift; path = Let_s_BuyTests.swift; sourceTree = "<group>"; };
		7BA47EA124D6E3910059DA52 /* Info.plist */ = {isa = PBXFileReference; lastKnownFileType = text.plist.xml; path = Info.plist; sourceTree = "<group>"; };
		7BA47EA924D6E4060059DA52 /* Wages.swift */ = {isa = PBXFileReference; lastKnownFileType = sourcecode.swift; path = Wages.swift; sourceTree = "<group>"; };
/* End PBXFileReference section */

/* Begin PBXFrameworksBuildPhase section */
		7BA47E7B24D6A25D0059DA52 /* Frameworks */ = {
			isa = PBXFrameworksBuildPhase;
			buildActionMask = 2147483647;
			files = (
			);
			runOnlyForDeploymentPostprocessing = 0;
		};
		7BA47E9A24D6E3910059DA52 /* Frameworks */ = {
			isa = PBXFrameworksBuildPhase;
			buildActionMask = 2147483647;
			files = (
			);
			runOnlyForDeploymentPostprocessing = 0;
		};
/* End PBXFrameworksBuildPhase section */

/* Begin PBXGroup section */
		7BA47E7524D6A25D0059DA52 = {
			isa = PBXGroup;
			children = (
				7BA47E8024D6A25D0059DA52 /* Let's Buy */,
				7BA47E9E24D6E3910059DA52 /* Let's BuyTests */,
				7BA47E7F24D6A25D0059DA52 /* Products */,
			);
			sourceTree = "<group>";
		};
		7BA47E7F24D6A25D0059DA52 /* Products */ = {
			isa = PBXGroup;
			children = (
				7BA47E7E24D6A25D0059DA52 /* Let's Buy.app */,
				7BA47E9D24D6E3910059DA52 /* Let's BuyTests.xctest */,
			);
			name = Products;
			sourceTree = "<group>";
		};
		7BA47E8024D6A25D0059DA52 /* Let's Buy */ = {
			isa = PBXGroup;
			children = (
				7BA47EA824D6E3F70059DA52 /* Model */,
				7BA47E9624D6A6A90059DA52 /* View */,
				7BA47E9524D6A6A20059DA52 /* Controller */,
				7BA47E8124D6A25D0059DA52 /* AppDelegate.swift */,
				7BA47E8324D6A25D0059DA52 /* SceneDelegate.swift */,
				7BA47E8724D6A25D0059DA52 /* Main.storyboard */,
				7BA47E8A24D6A25E0059DA52 /* Assets.xcassets */,
				7BA47E8C24D6A25E0059DA52 /* LaunchScreen.storyboard */,
				7BA47E8F24D6A25E0059DA52 /* Info.plist */,
			);
			path = "Let's Buy";
			sourceTree = "<group>";
		};
		7BA47E9524D6A6A20059DA52 /* Controller */ = {
			isa = PBXGroup;
			children = (
				7BA47E8524D6A25D0059DA52 /* MainVC.swift */,
			);
			path = Controller;
			sourceTree = "<group>";
		};
		7BA47E9624D6A6A90059DA52 /* View */ = {
			isa = PBXGroup;
			children = (
				7BA47E9724D6A7B80059DA52 /* CustomTextField.swift */,
			);
			path = View;
			sourceTree = "<group>";
		};
		7BA47E9E24D6E3910059DA52 /* Let's BuyTests */ = {
			isa = PBXGroup;
			children = (
				7BA47E9F24D6E3910059DA52 /* Let_s_BuyTests.swift */,
				7BA47EA124D6E3910059DA52 /* Info.plist */,
			);
			path = "Let's BuyTests";
			sourceTree = "<group>";
		};
		7BA47EA824D6E3F70059DA52 /* Model */ = {
			isa = PBXGroup;
			children = (
				7BA47EA924D6E4060059DA52 /* Wages.swift */,
			);
			path = Model;
			sourceTree = "<group>";
		};
/* End PBXGroup section */

/* Begin PBXNativeTarget section */
		7BA47E7D24D6A25D0059DA52 /* Let's Buy */ = {
			isa = PBXNativeTarget;
			buildConfigurationList = 7BA47E9224D6A25E0059DA52 /* Build configuration list for PBXNativeTarget "Let's Buy" */;
			buildPhases = (
				7BA47E7A24D6A25D0059DA52 /* Sources */,
				7BA47E7B24D6A25D0059DA52 /* Frameworks */,
				7BA47E7C24D6A25D0059DA52 /* Resources */,
			);
			buildRules = (
			);
			dependencies = (
			);
			name = "Let's Buy";
			productName = "Let's Buy";
			productReference = 7BA47E7E24D6A25D0059DA52 /* Let's Buy.app */;
			productType = "com.apple.product-type.application";
		};
		7BA47E9C24D6E3910059DA52 /* Let's BuyTests */ = {
			isa = PBXNativeTarget;
			buildConfigurationList = 7BA47EA424D6E3910059DA52 /* Build configuration list for PBXNativeTarget "Let's BuyTests" */;
			buildPhases = (
				7BA47E9924D6E3910059DA52 /* Sources */,
				7BA47E9A24D6E3910059DA52 /* Frameworks */,
				7BA47E9B24D6E3910059DA52 /* Resources */,
			);
			buildRules = (
			);
			dependencies = (
				7BA47EA324D6E3910059DA52 /* PBXTargetDependency */,
			);
			name = "Let's BuyTests";
			productName = "Let's BuyTests";
			productReference = 7BA47E9D24D6E3910059DA52 /* Let's BuyTests.xctest */;
			productType = "com.apple.product-type.bundle.unit-test";
		};
/* End PBXNativeTarget section */

/* Begin PBXProject section */
		7BA47E7624D6A25D0059DA52 /* Project object */ = {
			isa = PBXProject;
			attributes = {
				LastSwiftUpdateCheck = 1160;
				LastUpgradeCheck = 1160;
				ORGANIZATIONNAME = "Anmol Kalra";
				TargetAttributes = {
					7BA47E7D24D6A25D0059DA52 = {
						CreatedOnToolsVersion = 11.6;
					};
					7BA47E9C24D6E3910059DA52 = {
						CreatedOnToolsVersion = 11.6;
						TestTargetID = 7BA47E7D24D6A25D0059DA52;
					};
				};
			};
			buildConfigurationList = 7BA47E7924D6A25D0059DA52 /* Build configuration list for PBXProject "Let's Buy" */;
			compatibilityVersion = "Xcode 9.3";
			developmentRegion = en;
			hasScannedForEncodings = 0;
			knownRegions = (
				en,
				Base,
			);
			mainGroup = 7BA47E7524D6A25D0059DA52;
			productRefGroup = 7BA47E7F24D6A25D0059DA52 /* Products */;
			projectDirPath = "";
			projectRoot = "";
			targets = (
				7BA47E7D24D6A25D0059DA52 /* Let's Buy */,
				7BA47E9C24D6E3910059DA52 /* Let's BuyTests */,
			);
		};
/* End PBXProject section */

/* Begin PBXResourcesBuildPhase section */
		7BA47E7C24D6A25D0059DA52 /* Resources */ = {
			isa = PBXResourcesBuildPhase;
			buildActionMask = 2147483647;
			files = (
				7BA47E8E24D6A25E0059DA52 /* LaunchScreen.storyboard in Resources */,
				7BA47E8B24D6A25E0059DA52 /* Assets.xcassets in Resources */,
				7BA47E8924D6A25D0059DA52 /* Main.storyboard in Resources */,
			);
			runOnlyForDeploymentPostprocessing = 0;
		};
		7BA47E9B24D6E3910059DA52 /* Resources */ = {
			isa = PBXResourcesBuildPhase;
			buildActionMask = 2147483647;
			files = (
			);
			runOnlyForDeploymentPostprocessing = 0;
		};
/* End PBXResourcesBuildPhase section */

/* Begin PBXSourcesBuildPhase section */
		7BA47E7A24D6A25D0059DA52 /* Sources */ = {
			isa = PBXSourcesBuildPhase;
			buildActionMask = 2147483647;
			files = (
				7BA47E9824D6A7B80059DA52 /* CustomTextField.swift in Sources */,
				7BA47E8624D6A25D0059DA52 /* MainVC.swift in Sources */,
				7BA47E8224D6A25D0059DA52 /* AppDelegate.swift in Sources */,
				7BA47E8424D6A25D0059DA52 /* SceneDelegate.swift in Sources */,
				7BA47EAA24D6E4060059DA52 /* Wages.swift in Sources */,
			);
			runOnlyForDeploymentPostprocessing = 0;
		};
		7BA47E9924D6E3910059DA52 /* Sources */ = {
			isa = PBXSourcesBuildPhase;
			buildActionMask = 2147483647;
			files = (
				7BA47EAC24D6E5770059DA52 /* CustomTextField.swift in Sources */,
				7BA47EAB24D6E5700059DA52 /* Wages.swift in Sources */,
				7BA47EA024D6E3910059DA52 /* Let_s_BuyTests.swift in Sources */,
				7BA47EA724D6E3BD0059DA52 /* MainVC.swift in Sources */,
			);
			runOnlyForDeploymentPostprocessing = 0;
		};
/* End PBXSourcesBuildPhase section */

/* Begin PBXTargetDependency section */
		7BA47EA324D6E3910059DA52 /* PBXTargetDependency */ = {
			isa = PBXTargetDependency;
			target = 7BA47E7D24D6A25D0059DA52 /* Let's Buy */;
			targetProxy = 7BA47EA224D6E3910059DA52 /* PBXContainerItemProxy */;
		};
/* End PBXTargetDependency section */

/* Begin PBXVariantGroup section */
		7BA47E8724D6A25D0059DA52 /* Main.storyboard */ = {
			isa = PBXVariantGroup;
			children = (
				7BA47E8824D6A25D0059DA52 /* Base */,
			);
			name = Main.storyboard;
			sourceTree = "<group>";
		};
		7BA47E8C24D6A25E0059DA52 /* LaunchScreen.storyboard */ = {
			isa = PBXVariantGroup;
			children = (
				7BA47E8D24D6A25E0059DA52 /* Base */,
			);
			name = LaunchScreen.storyboard;
			sourceTree = "<group>";
		};
/* End PBXVariantGroup section */

/* Begin XCBuildConfiguration section */
		7BA47E9024D6A25E0059DA52 /* Debug */ = {
			isa = XCBuildConfiguration;
			buildSettings = {
				ALWAYS_SEARCH_USER_PATHS = NO;
				CLANG_ANALYZER_NONNULL = YES;
				CLANG_ANALYZER_NUMBER_OBJECT_CONVERSION = YES_AGGRESSIVE;
				CLANG_CXX_LANGUAGE_STANDARD = "gnu++14";
				CLANG_CXX_LIBRARY = "libc++";
				CLANG_ENABLE_MODULES = YES;
				CLANG_ENABLE_OBJC_ARC = YES;
				CLANG_ENABLE_OBJC_WEAK = YES;
				CLANG_WARN_BLOCK_CAPTURE_AUTORELEASING = YES;
				CLANG_WARN_BOOL_CONVERSION = YES;
				CLANG_WARN_COMMA = YES;
				CLANG_WARN_CONSTANT_CONVERSION = YES;
				CLANG_WARN_DEPRECATED_OBJC_IMPLEMENTATIONS = YES;
				CLANG_WARN_DIRECT_OBJC_ISA_USAGE = YES_ERROR;
				CLANG_WARN_DOCUMENTATION_COMMENTS = YES;
				CLANG_WARN_EMPTY_BODY = YES;
				CLANG_WARN_ENUM_CONVERSION = YES;
				CLANG_WARN_INFINITE_RECURSION = YES;
				CLANG_WARN_INT_CONVERSION = YES;
				CLANG_WARN_NON_LITERAL_NULL_CONVERSION = YES;
				CLANG_WARN_OBJC_IMPLICIT_RETAIN_SELF = YES;
				CLANG_WARN_OBJC_LITERAL_CONVERSION = YES;
				CLANG_WARN_OBJC_ROOT_CLASS = YES_ERROR;
				CLANG_WARN_RANGE_LOOP_ANALYSIS = YES;
				CLANG_WARN_STRICT_PROTOTYPES = YES;
				CLANG_WARN_SUSPICIOUS_MOVE = YES;
				CLANG_WARN_UNGUARDED_AVAILABILITY = YES_AGGRESSIVE;
				CLANG_WARN_UNREACHABLE_CODE = YES;
				CLANG_WARN__DUPLICATE_METHOD_MATCH = YES;
				COPY_PHASE_STRIP = NO;
				DEBUG_INFORMATION_FORMAT = dwarf;
				ENABLE_STRICT_OBJC_MSGSEND = YES;
				ENABLE_TESTABILITY = YES;
				GCC_C_LANGUAGE_STANDARD = gnu11;
				GCC_DYNAMIC_NO_PIC = NO;
				GCC_NO_COMMON_BLOCKS = YES;
				GCC_OPTIMIZATION_LEVEL = 0;
				GCC_PREPROCESSOR_DEFINITIONS = (
					"DEBUG=1",
					"$(inherited)",
				);
				GCC_WARN_64_TO_32_BIT_CONVERSION = YES;
				GCC_WARN_ABOUT_RETURN_TYPE = YES_ERROR;
				GCC_WARN_UNDECLARED_SELECTOR = YES;
				GCC_WARN_UNINITIALIZED_AUTOS = YES_AGGRESSIVE;
				GCC_WARN_UNUSED_FUNCTION = YES;
				GCC_WARN_UNUSED_VARIABLE = YES;
				IPHONEOS_DEPLOYMENT_TARGET = 13.6;
				MTL_ENABLE_DEBUG_INFO = INCLUDE_SOURCE;
				MTL_FAST_MATH = YES;
				ONLY_ACTIVE_ARCH = YES;
				SDKROOT = iphoneos;
				SWIFT_ACTIVE_COMPILATION_CONDITIONS = DEBUG;
				SWIFT_OPTIMIZATION_LEVEL = "-Onone";
			};
			name = Debug;
		};
		7BA47E9124D6A25E0059DA52 /* Release */ = {
			isa = XCBuildConfiguration;
			buildSettings = {
				ALWAYS_SEARCH_USER_PATHS = NO;
				CLANG_ANALYZER_NONNULL = YES;
				CLANG_ANALYZER_NUMBER_OBJECT_CONVERSION = YES_AGGRESSIVE;
				CLANG_CXX_LANGUAGE_STANDARD = "gnu++14";
				CLANG_CXX_LIBRARY = "libc++";
				CLANG_ENABLE_MODULES = YES;
				CLANG_ENABLE_OBJC_ARC = YES;
				CLANG_ENABLE_OBJC_WEAK = YES;
				CLANG_WARN_BLOCK_CAPTURE_AUTORELEASING = YES;
				CLANG_WARN_BOOL_CONVERSION = YES;
				CLANG_WARN_COMMA = YES;
				CLANG_WARN_CONSTANT_CONVERSION = YES;
				CLANG_WARN_DEPRECATED_OBJC_IMPLEMENTATIONS = YES;
				CLANG_WARN_DIRECT_OBJC_ISA_USAGE = YES_ERROR;
				CLANG_WARN_DOCUMENTATION_COMMENTS = YES;
				CLANG_WARN_EMPTY_BODY = YES;
				CLANG_WARN_ENUM_CONVERSION = YES;
				CLANG_WARN_INFINITE_RECURSION = YES;
				CLANG_WARN_INT_CONVERSION = YES;
				CLANG_WARN_NON_LITERAL_NULL_CONVERSION = YES;
				CLANG_WARN_OBJC_IMPLICIT_RETAIN_SELF = YES;
				CLANG_WARN_OBJC_LITERAL_CONVERSION = YES;
				CLANG_WARN_OBJC_ROOT_CLASS = YES_ERROR;
				CLANG_WARN_RANGE_LOOP_ANALYSIS = YES;
				CLANG_WARN_STRICT_PROTOTYPES = YES;
				CLANG_WARN_SUSPICIOUS_MOVE = YES;
				CLANG_WARN_UNGUARDED_AVAILABILITY = YES_AGGRESSIVE;
				CLANG_WARN_UNREACHABLE_CODE = YES;
				CLANG_WARN__DUPLICATE_METHOD_MATCH = YES;
				COPY_PHASE_STRIP = NO;
				DEBUG_INFORMATION_FORMAT = "dwarf-with-dsym";
				ENABLE_NS_ASSERTIONS = NO;
				ENABLE_STRICT_OBJC_MSGSEND = YES;
				GCC_C_LANGUAGE_STANDARD = gnu11;
				GCC_NO_COMMON_BLOCKS = YES;
				GCC_WARN_64_TO_32_BIT_CONVERSION = YES;
				GCC_WARN_ABOUT_RETURN_TYPE = YES_ERROR;
				GCC_WARN_UNDECLARED_SELECTOR = YES;
				GCC_WARN_UNINITIALIZED_AUTOS = YES_AGGRESSIVE;
				GCC_WARN_UNUSED_FUNCTION = YES;
				GCC_WARN_UNUSED_VARIABLE = YES;
				IPHONEOS_DEPLOYMENT_TARGET = 13.6;
				MTL_ENABLE_DEBUG_INFO = NO;
				MTL_FAST_MATH = YES;
				SDKROOT = iphoneos;
				SWIFT_COMPILATION_MODE = wholemodule;
				SWIFT_OPTIMIZATION_LEVEL = "-O";
				VALIDATE_PRODUCT = YES;
			};
			name = Release;
		};
		7BA47E9324D6A25E0059DA52 /* Debug */ = {
			isa = XCBuildConfiguration;
			buildSettings = {
				ASSETCATALOG_COMPILER_APPICON_NAME = AppIcon;
				CODE_SIGN_STYLE = Automatic;
				DEVELOPMENT_TEAM = 466CHC97RS;
				INFOPLIST_FILE = "Let's Buy/Info.plist";
				LD_RUNPATH_SEARCH_PATHS = (
					"$(inherited)",
					"@executable_path/Frameworks",
				);
				PRODUCT_BUNDLE_IDENTIFIER = "Anmol.Let-s-Buy";
				PRODUCT_NAME = "$(TARGET_NAME)";
				SWIFT_VERSION = 5.0;
				TARGETED_DEVICE_FAMILY = "1,2";
			};
			name = Debug;
		};
		7BA47E9424D6A25E0059DA52 /* Release */ = {
			isa = XCBuildConfiguration;
			buildSettings = {
				ASSETCATALOG_COMPILER_APPICON_NAME = AppIcon;
				CODE_SIGN_STYLE = Automatic;
				DEVELOPMENT_TEAM = 466CHC97RS;
				INFOPLIST_FILE = "Let's Buy/Info.plist";
				LD_RUNPATH_SEARCH_PATHS = (
					"$(inherited)",
					"@executable_path/Frameworks",
				);
				PRODUCT_BUNDLE_IDENTIFIER = "Anmol.Let-s-Buy";
				PRODUCT_NAME = "$(TARGET_NAME)";
				SWIFT_VERSION = 5.0;
				TARGETED_DEVICE_FAMILY = "1,2";
			};
			name = Release;
		};
		7BA47EA524D6E3910059DA52 /* Debug */ = {
			isa = XCBuildConfiguration;
			buildSettings = {
				BUNDLE_LOADER = "$(TEST_HOST)";
				CODE_SIGN_STYLE = Automatic;
				DEVELOPMENT_TEAM = 466CHC97RS;
				INFOPLIST_FILE = "Let's BuyTests/Info.plist";
				LD_RUNPATH_SEARCH_PATHS = (
					"$(inherited)",
					"@executable_path/Frameworks",
					"@loader_path/Frameworks",
				);
				PRODUCT_BUNDLE_IDENTIFIER = "Anmol.Let-s-BuyTests";
				PRODUCT_NAME = "$(TARGET_NAME)";
				SWIFT_VERSION = 5.0;
				TARGETED_DEVICE_FAMILY = "1,2";
				TEST_HOST = "$(BUILT_PRODUCTS_DIR)/Let's Buy.app/Let's Buy";
			};
			name = Debug;
		};
		7BA47EA624D6E3910059DA52 /* Release */ = {
			isa = XCBuildConfiguration;
			buildSettings = {
				BUNDLE_LOADER = "$(TEST_HOST)";
				CODE_SIGN_STYLE = Automatic;
				DEVELOPMENT_TEAM = 466CHC97RS;
				INFOPLIST_FILE = "Let's BuyTests/Info.plist";
				LD_RUNPATH_SEARCH_PATHS = (
					"$(inherited)",
					"@executable_path/Frameworks",
					"@loader_path/Frameworks",
				);
				PRODUCT_BUNDLE_IDENTIFIER = "Anmol.Let-s-BuyTests";
				PRODUCT_NAME = "$(TARGET_NAME)";
				SWIFT_VERSION = 5.0;
				TARGETED_DEVICE_FAMILY = "1,2";
				TEST_HOST = "$(BUILT_PRODUCTS_DIR)/Let's Buy.app/Let's Buy";
			};
			name = Release;
		};
/* End XCBuildConfiguration section */

/* Begin XCConfigurationList section */
		7BA47E7924D6A25D0059DA52 /* Build configuration list for PBXProject "Let's Buy" */ = {
			isa = XCConfigurationList;
			buildConfigurations = (
				7BA47E9024D6A25E0059DA52 /* Debug */,
				7BA47E9124D6A25E0059DA52 /* Release */,
			);
			defaultConfigurationIsVisible = 0;
			defaultConfigurationName = Release;
		};
		7BA47E9224D6A25E0059DA52 /* Build configuration list for PBXNativeTarget "Let's Buy" */ = {
			isa = XCConfigurationList;
			buildConfigurations = (
				7BA47E9324D6A25E0059DA52 /* Debug */,
				7BA47E9424D6A25E0059DA52 /* Release */,
			);
			defaultConfigurationIsVisible = 0;
			defaultConfigurationName = Release;
		};
		7BA47EA424D6E3910059DA52 /* Build configuration list for PBXNativeTarget "Let's BuyTests" */ = {
			isa = XCConfigurationList;
			buildConfigurations = (
				7BA47EA524D6E3910059DA52 /* Debug */,
				7BA47EA624D6E3910059DA52 /* Release */,
			);
			defaultConfigurationIsVisible = 0;
			defaultConfigurationName = Release;
		};
/* End XCConfigurationList section */
	};
	rootObject = 7BA47E7624D6A25D0059DA52 /* Project object */;
}
